
Microsoft Visual Studio Solution File, Format Version 12.00
# Visual Studio Version 17
VisualStudioVersion = 17.5.33627.172
MinimumVisualStudioVersion = 10.0.40219.1
Project("{9A19103F-16F7-4668-BE54-9A1E7A4F7556}") = "UI", "UI\UI.csproj", "{277EB147-9CCA-42B0-9FCD-EE7FFC44BD66}"
EndProject
Project("{9A19103F-16F7-4668-BE54-9A1E7A4F7556}") = "Entry", "Entry\Entry.csproj", "{22FD86A4-EA2C-4C27-87A0-6D22C8C4EB64}"
EndProject
Project("{9A19103F-16F7-4668-BE54-9A1E7A4F7556}") = "ViewModels", "ViewModels\ViewModels.csproj", "{EDE52A29-89FD-4A6D-BD82-122ECAA40C53}"
EndProject
Project("{9A19103F-16F7-4668-BE54-9A1E7A4F7556}") = "Models", "Models\Models.csproj", "{3A128F8F-C177-4051-8E3B-3A298996E583}"
EndProject
Project("{9A19103F-16F7-4668-BE54-9A1E7A4F7556}") = "Common", "Common\Common.csproj", "{485FBB77-1877-482F-AED7-D6D716EE6EAB}"
EndProject
Project("{9A19103F-16F7-4668-BE54-9A1E7A4F7556}") = "Services", "Services\Services.csproj", "{5D8973BD-CCA8-44A4-A607-9FEAA941A41D}"
EndProject
Project("{2150E333-8FDC-42A3-9474-1A3956D46DE8}") = "1. Common", "1. Common", "{07025B18-F7E6-47CE-80A6-9D4569078B9F}"
EndProject
Project("{2150E333-8FDC-42A3-9474-1A3956D46DE8}") = "2. Services", "2. Services", "{A947E4CC-8631-4ED7-8E1B-6E447A1AEFD9}"
EndProject
Project("{2150E333-8FDC-42A3-9474-1A3956D46DE8}") = "3. Models", "3. Models", "{4AC88F3C-4E71-46F5-836E-4C7D67E79D93}"
EndProject
Project("{2150E333-8FDC-42A3-9474-1A3956D46DE8}") = "4. ViewModels", "4. ViewModels", "{ADF8B693-DBED-4A87-A472-9A4B0B74100F}"
EndProject
Project("{2150E333-8FDC-42A3-9474-1A3956D46DE8}") = "5. UI", "5. UI", "{C295BCEA-685D-41A8-8A5C-1981FEFDC537}"
EndProject
Project("{2150E333-8FDC-42A3-9474-1A3956D46DE8}") = "6. Entry", "6. Entry", "{94013CDB-6883-441A-BB86-83F81657ADFF}"
EndProject
Global
	GlobalSection(SolutionConfigurationPlatforms) = preSolution
		Debug|Any CPU = Debug|Any CPU
		Release|Any CPU = Release|Any CPU
	EndGlobalSection
	GlobalSection(ProjectConfigurationPlatforms) = postSolution
		{277EB147-9CCA-42B0-9FCD-EE7FFC44BD66}.Debug|Any CPU.ActiveCfg = Debug|Any CPU
		{277EB147-9CCA-42B0-9FCD-EE7FFC44BD66}.Debug|Any CPU.Build.0 = Debug|Any CPU
		{277EB147-9CCA-42B0-9FCD-EE7FFC44BD66}.Release|Any CPU.ActiveCfg = Release|Any CPU
		{277EB147-9CCA-42B0-9FCD-EE7FFC44BD66}.Release|Any CPU.Build.0 = Release|Any CPU
		{22FD86A4-EA2C-4C27-87A0-6D22C8C4EB64}.Debug|Any CPU.ActiveCfg = Debug|Any CPU
		{22FD86A4-EA2C-4C27-87A0-6D22C8C4EB64}.Debug|Any CPU.Build.0 = Debug|Any CPU
		{22FD86A4-EA2C-4C27-87A0-6D22C8C4EB64}.Release|Any CPU.ActiveCfg = Release|Any CPU
		{22FD86A4-EA2C-4C27-87A0-6D22C8C4EB64}.Release|Any CPU.Build.0 = Release|Any CPU
		{EDE52A29-89FD-4A6D-BD82-122ECAA40C53}.Debug|Any CPU.ActiveCfg = Debug|Any CPU
		{EDE52A29-89FD-4A6D-BD82-122ECAA40C53}.Debug|Any CPU.Build.0 = Debug|Any CPU
		{EDE52A29-89FD-4A6D-BD82-122ECAA40C53}.Release|Any CPU.ActiveCfg = Release|Any CPU
		{EDE52A29-89FD-4A6D-BD82-122ECAA40C53}.Release|Any CPU.Build.0 = Release|Any CPU
		{3A128F8F-C177-4051-8E3B-3A298996E583}.Debug|Any CPU.ActiveCfg = Debug|Any CPU
		{3A128F8F-C177-4051-8E3B-3A298996E583}.Debug|Any CPU.Build.0 = Debug|Any CPU
		{3A128F8F-C177-4051-8E3B-3A298996E583}.Release|Any CPU.ActiveCfg = Release|Any CPU
		{3A128F8F-C177-4051-8E3B-3A298996E583}.Release|Any CPU.Build.0 = Release|Any CPU
		{485FBB77-1877-482F-AED7-D6D716EE6EAB}.Debug|Any CPU.ActiveCfg = Debug|Any CPU
		{485FBB77-1877-482F-AED7-D6D716EE6EAB}.Debug|Any CPU.Build.0 = Debug|Any CPU
		{485FBB77-1877-482F-AED7-D6D716EE6EAB}.Release|Any CPU.ActiveCfg = Release|Any CPU
		{485FBB77-1877-482F-AED7-D6D716EE6EAB}.Release|Any CPU.Build.0 = Release|Any CPU
		{5D8973BD-CCA8-44A4-A607-9FEAA941A41D}.Debug|Any CPU.ActiveCfg = Debug|Any CPU
		{5D8973BD-CCA8-44A4-A607-9FEAA941A41D}.Debug|Any CPU.Build.0 = Debug|Any CPU
		{5D8973BD-CCA8-44A4-A607-9FEAA941A41D}.Release|Any CPU.ActiveCfg = Release|Any CPU
		{5D8973BD-CCA8-44A4-A607-9FEAA941A41D}.Release|Any CPU.Build.0 = Release|Any CPU
	EndGlobalSection
	GlobalSection(SolutionProperties) = preSolution
		HideSolutionNode = FALSE
	EndGlobalSection
	GlobalSection(NestedProjects) = preSolution
		{277EB147-9CCA-42B0-9FCD-EE7FFC44BD66} = {C295BCEA-685D-41A8-8A5C-1981FEFDC537}
		{22FD86A4-EA2C-4C27-87A0-6D22C8C4EB64} = {94013CDB-6883-441A-BB86-83F81657ADFF}
		{EDE52A29-89FD-4A6D-BD82-122ECAA40C53} = {ADF8B693-DBED-4A87-A472-9A4B0B74100F}
		{3A128F8F-C177-4051-8E3B-3A298996E583} = {4AC88F3C-4E71-46F5-836E-4C7D67E79D93}
		{485FBB77-1877-482F-AED7-D6D716EE6EAB} = {07025B18-F7E6-47CE-80A6-9D4569078B9F}
		{5D8973BD-CCA8-44A4-A607-9FEAA941A41D} = {A947E4CC-8631-4ED7-8E1B-6E447A1AEFD9}
	EndGlobalSection
	GlobalSection(ExtensibilityGlobals) = postSolution
		SolutionGuid = {CE59B7B1-A0E4-496D-B011-2A9D40B8DF15}
	EndGlobalSection
EndGlobal
